
Microsoft Visual Studio Solution File, Format Version 12.00
# Visual Studio Version 16
VisualStudioVersion = 16.0.29806.167
MinimumVisualStudioVersion = 10.0.40219.1
Project("{FAE04EC0-301F-11D3-BF4B-00C04F79EFBC}") = "SholioLessonMobileApp.UWP", "SholioLessonMobileApp\SholioLessonMobileApp.UWP\SholioLessonMobileApp.UWP.csproj", "{CCB98B4F-459E-4872-8C79-3A57F38AD232}"
EndProject
Project("{FAE04EC0-301F-11D3-BF4B-00C04F79EFBC}") = "SholioLessonMobileApp.Android", "SholioLessonMobileApp\SholioLessonMobileApp.Android\SholioLessonMobileApp.Android.csproj", "{69703A3C-2CC2-470C-A8C6-BCACE7C57221}"
EndProject
Project("{FAE04EC0-301F-11D3-BF4B-00C04F79EFBC}") = "SholioLessonMobileApp.iOS", "SholioLessonMobileApp\SholioLessonMobileApp.iOS\SholioLessonMobileApp.iOS.csproj", "{B5E3FA22-A369-45A9-8F49-88C034B9A4C3}"
EndProject
Project("{FAE04EC0-301F-11D3-BF4B-00C04F79EFBC}") = "SholioLessonMobileApp", "SholioLessonMobileApp\SholioLessonMobileApp\SholioLessonMobileApp.csproj", "{11BA958E-838F-4155-A206-1D59D48416A3}"
EndProject
Global
	GlobalSection(SolutionConfigurationPlatforms) = preSolution
		Debug|Any CPU = Debug|Any CPU
		Debug|ARM = Debug|ARM
		Debug|iPhone = Debug|iPhone
		Debug|iPhoneSimulator = Debug|iPhoneSimulator
		Debug|x64 = Debug|x64
		Debug|x86 = Debug|x86
		Release|Any CPU = Release|Any CPU
		Release|ARM = Release|ARM
		Release|iPhone = Release|iPhone
		Release|iPhoneSimulator = Release|iPhoneSimulator
		Release|x64 = Release|x64
		Release|x86 = Release|x86
	EndGlobalSection
	GlobalSection(ProjectConfigurationPlatforms) = postSolution
		{CCB98B4F-459E-4872-8C79-3A57F38AD232}.Debug|Any CPU.ActiveCfg = Debug|x86
		{CCB98B4F-459E-4872-8C79-3A57F38AD232}.Debug|Any CPU.Build.0 = Debug|x86
		{CCB98B4F-459E-4872-8C79-3A57F38AD232}.Debug|Any CPU.Deploy.0 = Debug|x86
		{CCB98B4F-459E-4872-8C79-3A57F38AD232}.Debug|ARM.ActiveCfg = Debug|ARM
		{CCB98B4F-459E-4872-8C79-3A57F38AD232}.Debug|ARM.Build.0 = Debug|ARM
		{CCB98B4F-459E-4872-8C79-3A57F38AD232}.Debug|ARM.Deploy.0 = Debug|ARM
		{CCB98B4F-459E-4872-8C79-3A57F38AD232}.Debug|iPhone.ActiveCfg = Debug|x86
		{CCB98B4F-459E-4872-8C79-3A57F38AD232}.Debug|iPhone.Build.0 = Debug|x86
		{CCB98B4F-459E-4872-8C79-3A57F38AD232}.Debug|iPhone.Deploy.0 = Debug|x86
		{CCB98B4F-459E-4872-8C79-3A57F38AD232}.Debug|iPhoneSimulator.ActiveCfg = Debug|x86
		{CCB98B4F-459E-4872-8C79-3A57F38AD232}.Debug|iPhoneSimulator.Build.0 = Debug|x86
		{CCB98B4F-459E-4872-8C79-3A57F38AD232}.Debug|iPhoneSimulator.Deploy.0 = Debug|x86
		{CCB98B4F-459E-4872-8C79-3A57F38AD232}.Debug|x64.ActiveCfg = Debug|x64
		{CCB98B4F-459E-4872-8C79-3A57F38AD232}.Debug|x64.Build.0 = Debug|x64
		{CCB98B4F-459E-4872-8C79-3A57F38AD232}.Debug|x64.Deploy.0 = Debug|x64
		{CCB98B4F-459E-4872-8C79-3A57F38AD232}.Debug|x86.ActiveCfg = Debug|x86
		{CCB98B4F-459E-4872-8C79-3A57F38AD232}.Debug|x86.Build.0 = Debug|x86
		{CCB98B4F-459E-4872-8C79-3A57F38AD232}.Debug|x86.Deploy.0 = Debug|x86
		{CCB98B4F-459E-4872-8C79-3A57F38AD232}.Release|Any CPU.ActiveCfg = Release|x86
		{CCB98B4F-459E-4872-8C79-3A57F38AD232}.Release|Any CPU.Build.0 = Release|x86
		{CCB98B4F-459E-4872-8C79-3A57F38AD232}.Release|Any CPU.Deploy.0 = Release|x86
		{CCB98B4F-459E-4872-8C79-3A57F38AD232}.Release|ARM.ActiveCfg = Release|ARM
		{CCB98B4F-459E-4872-8C79-3A57F38AD232}.Release|ARM.Build.0 = Release|ARM
		{CCB98B4F-459E-4872-8C79-3A57F38AD232}.Release|ARM.Deploy.0 = Release|ARM
		{CCB98B4F-459E-4872-8C79-3A57F38AD232}.Release|iPhone.ActiveCfg = Release|x86
		{CCB98B4F-459E-4872-8C79-3A57F38AD232}.Release|iPhone.Build.0 = Release|x86
		{CCB98B4F-459E-4872-8C79-3A57F38AD232}.Release|iPhone.Deploy.0 = Release|x86
		{CCB98B4F-459E-4872-8C79-3A57F38AD232}.Release|iPhoneSimulator.ActiveCfg = Release|x86
		{CCB98B4F-459E-4872-8C79-3A57F38AD232}.Release|iPhoneSimulator.Build.0 = Release|x86
		{CCB98B4F-459E-4872-8C79-3A57F38AD232}.Release|iPhoneSimulator.Deploy.0 = Release|x86
		{CCB98B4F-459E-4872-8C79-3A57F38AD232}.Release|x64.ActiveCfg = Release|x64
		{CCB98B4F-459E-4872-8C79-3A57F38AD232}.Release|x64.Build.0 = Release|x64
		{CCB98B4F-459E-4872-8C79-3A57F38AD232}.Release|x64.Deploy.0 = Release|x64
		{CCB98B4F-459E-4872-8C79-3A57F38AD232}.Release|x86.ActiveCfg = Release|x86
		{CCB98B4F-459E-4872-8C79-3A57F38AD232}.Release|x86.Build.0 = Release|x86
		{CCB98B4F-459E-4872-8C79-3A57F38AD232}.Release|x86.Deploy.0 = Release|x86
		{69703A3C-2CC2-470C-A8C6-BCACE7C57221}.Debug|Any CPU.ActiveCfg = Debug|Any CPU
		{69703A3C-2CC2-470C-A8C6-BCACE7C57221}.Debug|Any CPU.Build.0 = Debug|Any CPU
		{69703A3C-2CC2-470C-A8C6-BCACE7C57221}.Debug|Any CPU.Deploy.0 = Debug|Any CPU
		{69703A3C-2CC2-470C-A8C6-BCACE7C57221}.Debug|ARM.ActiveCfg = Debug|Any CPU
		{69703A3C-2CC2-470C-A8C6-BCACE7C57221}.Debug|ARM.Build.0 = Debug|Any CPU
		{69703A3C-2CC2-470C-A8C6-BCACE7C57221}.Debug|ARM.Deploy.0 = Debug|Any CPU
		{69703A3C-2CC2-470C-A8C6-BCACE7C57221}.Debug|iPhone.ActiveCfg = Debug|Any CPU
		{69703A3C-2CC2-470C-A8C6-BCACE7C57221}.Debug|iPhone.Build.0 = Debug|Any CPU
		{69703A3C-2CC2-470C-A8C6-BCACE7C57221}.Debug|iPhone.Deploy.0 = Debug|Any CPU
		{69703A3C-2CC2-470C-A8C6-BCACE7C57221}.Debug|iPhoneSimulator.ActiveCfg = Debug|Any CPU
		{69703A3C-2CC2-470C-A8C6-BCACE7C57221}.Debug|iPhoneSimulator.Build.0 = Debug|Any CPU
		{69703A3C-2CC2-470C-A8C6-BCACE7C57221}.Debug|iPhoneSimulator.Deploy.0 = Debug|Any CPU
		{69703A3C-2CC2-470C-A8C6-BCACE7C57221}.Debug|x64.ActiveCfg = Debug|Any CPU
		{69703A3C-2CC2-470C-A8C6-BCACE7C57221}.Debug|x64.Build.0 = Debug|Any CPU
		{69703A3C-2CC2-470C-A8C6-BCACE7C57221}.Debug|x64.Deploy.0 = Debug|Any CPU
		{69703A3C-2CC2-470C-A8C6-BCACE7C57221}.Debug|x86.ActiveCfg = Debug|Any CPU
		{69703A3C-2CC2-470C-A8C6-BCACE7C57221}.Debug|x86.Build.0 = Debug|Any CPU
		{69703A3C-2CC2-470C-A8C6-BCACE7C57221}.Debug|x86.Deploy.0 = Debug|Any CPU
		{69703A3C-2CC2-470C-A8C6-BCACE7C57221}.Release|Any CPU.ActiveCfg = Release|Any CPU
		{69703A3C-2CC2-470C-A8C6-BCACE7C57221}.Release|Any CPU.Build.0 = Release|Any CPU
		{69703A3C-2CC2-470C-A8C6-BCACE7C57221}.Release|Any CPU.Deploy.0 = Release|Any CPU
		{69703A3C-2CC2-470C-A8C6-BCACE7C57221}.Release|ARM.ActiveCfg = Release|Any CPU
		{69703A3C-2CC2-470C-A8C6-BCACE7C57221}.Release|ARM.Build.0 = Release|Any CPU
		{69703A3C-2CC2-470C-A8C6-BCACE7C57221}.Release|ARM.Deploy.0 = Release|Any CPU
		{69703A3C-2CC2-470C-A8C6-BCACE7C57221}.Release|iPhone.ActiveCfg = Release|Any CPU
		{69703A3C-2CC2-470C-A8C6-BCACE7C57221}.Release|iPhone.Build.0 = Release|Any CPU
		{69703A3C-2CC2-470C-A8C6-BCACE7C57221}.Release|iPhone.Deploy.0 = Release|Any CPU
		{69703A3C-2CC2-470C-A8C6-BCACE7C57221}.Release|iPhoneSimulator.ActiveCfg = Release|Any CPU
		{69703A3C-2CC2-470C-A8C6-BCACE7C57221}.Release|iPhoneSimulator.Build.0 = Release|Any CPU
		{69703A3C-2CC2-470C-A8C6-BCACE7C57221}.Release|iPhoneSimulator.Deploy.0 = Release|Any CPU
		{69703A3C-2CC2-470C-A8C6-BCACE7C57221}.Release|x64.ActiveCfg = Release|Any CPU
		{69703A3C-2CC2-470C-A8C6-BCACE7C57221}.Release|x64.Build.0 = Release|Any CPU
		{69703A3C-2CC2-470C-A8C6-BCACE7C57221}.Release|x64.Deploy.0 = Release|Any CPU
		{69703A3C-2CC2-470C-A8C6-BCACE7C57221}.Release|x86.ActiveCfg = Release|Any CPU
		{69703A3C-2CC2-470C-A8C6-BCACE7C57221}.Release|x86.Build.0 = Release|Any CPU
		{69703A3C-2CC2-470C-A8C6-BCACE7C57221}.Release|x86.Deploy.0 = Release|Any CPU
		{B5E3FA22-A369-45A9-8F49-88C034B9A4C3}.Debug|Any CPU.ActiveCfg = Debug|iPhone
		{B5E3FA22-A369-45A9-8F49-88C034B9A4C3}.Debug|Any CPU.Build.0 = Debug|iPhone
		{B5E3FA22-A369-45A9-8F49-88C034B9A4C3}.Debug|Any CPU.Deploy.0 = Debug|iPhone
		{B5E3FA22-A369-45A9-8F49-88C034B9A4C3}.Debug|ARM.ActiveCfg = Debug|iPhoneSimulator
		{B5E3FA22-A369-45A9-8F49-88C034B9A4C3}.Debug|ARM.Build.0 = Debug|iPhoneSimulator
		{B5E3FA22-A369-45A9-8F49-88C034B9A4C3}.Debug|ARM.Deploy.0 = Debug|iPhoneSimulator
		{B5E3FA22-A369-45A9-8F49-88C034B9A4C3}.Debug|iPhone.ActiveCfg = Debug|iPhone
		{B5E3FA22-A369-45A9-8F49-88C034B9A4C3}.Debug|iPhone.Build.0 = Debug|iPhone
		{B5E3FA22-A369-45A9-8F49-88C034B9A4C3}.Debug|iPhone.Deploy.0 = Debug|iPhone
		{B5E3FA22-A369-45A9-8F49-88C034B9A4C3}.Debug|iPhoneSimulator.ActiveCfg = Debug|iPhoneSimulator
		{B5E3FA22-A369-45A9-8F49-88C034B9A4C3}.Debug|iPhoneSimulator.Build.0 = Debug|iPhoneSimulator
		{B5E3FA22-A369-45A9-8F49-88C034B9A4C3}.Debug|iPhoneSimulator.Deploy.0 = Debug|iPhoneSimulator
		{B5E3FA22-A369-45A9-8F49-88C034B9A4C3}.Debug|x64.ActiveCfg = Debug|iPhone
		{B5E3FA22-A369-45A9-8F49-88C034B9A4C3}.Debug|x64.Build.0 = Debug|iPhone
		{B5E3FA22-A369-45A9-8F49-88C034B9A4C3}.Debug|x64.Deploy.0 = Debug|iPhone
		{B5E3FA22-A369-45A9-8F49-88C034B9A4C3}.Debug|x86.ActiveCfg = Debug|iPhone
		{B5E3FA22-A369-45A9-8F49-88C034B9A4C3}.Debug|x86.Build.0 = Debug|iPhone
		{B5E3FA22-A369-45A9-8F49-88C034B9A4C3}.Debug|x86.Deploy.0 = Debug|iPhone
		{B5E3FA22-A369-45A9-8F49-88C034B9A4C3}.Release|Any CPU.ActiveCfg = Release|iPhone
		{B5E3FA22-A369-45A9-8F49-88C034B9A4C3}.Release|Any CPU.Build.0 = Release|iPhone
		{B5E3FA22-A369-45A9-8F49-88C034B9A4C3}.Release|Any CPU.Deploy.0 = Release|iPhone
		{B5E3FA22-A369-45A9-8F49-88C034B9A4C3}.Release|ARM.ActiveCfg = Release|iPhone
		{B5E3FA22-A369-45A9-8F49-88C034B9A4C3}.Release|ARM.Build.0 = Release|iPhone
		{B5E3FA22-A369-45A9-8F49-88C034B9A4C3}.Release|ARM.Deploy.0 = Release|iPhone
		{B5E3FA22-A369-45A9-8F49-88C034B9A4C3}.Release|iPhone.ActiveCfg = Release|iPhone
		{B5E3FA22-A369-45A9-8F49-88C034B9A4C3}.Release|iPhone.Build.0 = Release|iPhone
		{B5E3FA22-A369-45A9-8F49-88C034B9A4C3}.Release|iPhone.Deploy.0 = Release|iPhone
		{B5E3FA22-A369-45A9-8F49-88C034B9A4C3}.Release|iPhoneSimulator.ActiveCfg = Release|iPhoneSimulator
		{B5E3FA22-A369-45A9-8F49-88C034B9A4C3}.Release|iPhoneSimulator.Build.0 = Release|iPhoneSimulator
		{B5E3FA22-A369-45A9-8F49-88C034B9A4C3}.Release|iPhoneSimulator.Deploy.0 = Release|iPhoneSimulator
		{B5E3FA22-A369-45A9-8F49-88C034B9A4C3}.Release|x64.ActiveCfg = Release|iPhone
		{B5E3FA22-A369-45A9-8F49-88C034B9A4C3}.Release|x64.Build.0 = Release|iPhone
		{B5E3FA22-A369-45A9-8F49-88C034B9A4C3}.Release|x64.Deploy.0 = Release|iPhone
		{B5E3FA22-A369-45A9-8F49-88C034B9A4C3}.Release|x86.ActiveCfg = Release|iPhone
		{B5E3FA22-A369-45A9-8F49-88C034B9A4C3}.Release|x86.Build.0 = Release|iPhone
		{B5E3FA22-A369-45A9-8F49-88C034B9A4C3}.Release|x86.Deploy.0 = Release|iPhone
		{11BA958E-838F-4155-A206-1D59D48416A3}.Debug|Any CPU.ActiveCfg = Debug|Any CPU
		{11BA958E-838F-4155-A206-1D59D48416A3}.Debug|Any CPU.Build.0 = Debug|Any CPU
		{11BA958E-838F-4155-A206-1D59D48416A3}.Debug|Any CPU.Deploy.0 = Debug|Any CPU
		{11BA958E-838F-4155-A206-1D59D48416A3}.Debug|ARM.ActiveCfg = Debug|Any CPU
		{11BA958E-838F-4155-A206-1D59D48416A3}.Debug|ARM.Build.0 = Debug|Any CPU
		{11BA958E-838F-4155-A206-1D59D48416A3}.Debug|ARM.Deploy.0 = Debug|Any CPU
		{11BA958E-838F-4155-A206-1D59D48416A3}.Debug|iPhone.ActiveCfg = Debug|Any CPU
		{11BA958E-838F-4155-A206-1D59D48416A3}.Debug|iPhone.Build.0 = Debug|Any CPU
		{11BA958E-838F-4155-A206-1D59D48416A3}.Debug|iPhone.Deploy.0 = Debug|Any CPU
		{11BA958E-838F-4155-A206-1D59D48416A3}.Debug|iPhoneSimulator.ActiveCfg = Debug|Any CPU
		{11BA958E-838F-4155-A206-1D59D48416A3}.Debug|iPhoneSimulator.Build.0 = Debug|Any CPU
		{11BA958E-838F-4155-A206-1D59D48416A3}.Debug|iPhoneSimulator.Deploy.0 = Debug|Any CPU
		{11BA958E-838F-4155-A206-1D59D48416A3}.Debug|x64.ActiveCfg = Debug|Any CPU
		{11BA958E-838F-4155-A206-1D59D48416A3}.Debug|x64.Build.0 = Debug|Any CPU
		{11BA958E-838F-4155-A206-1D59D48416A3}.Debug|x64.Deploy.0 = Debug|Any CPU
		{11BA958E-838F-4155-A206-1D59D48416A3}.Debug|x86.ActiveCfg = Debug|Any CPU
		{11BA958E-838F-4155-A206-1D59D48416A3}.Debug|x86.Build.0 = Debug|Any CPU
		{11BA958E-838F-4155-A206-1D59D48416A3}.Debug|x86.Deploy.0 = Debug|Any CPU
		{11BA958E-838F-4155-A206-1D59D48416A3}.Release|Any CPU.ActiveCfg = Release|Any CPU
		{11BA958E-838F-4155-A206-1D59D48416A3}.Release|Any CPU.Build.0 = Release|Any CPU
		{11BA958E-838F-4155-A206-1D59D48416A3}.Release|Any CPU.Deploy.0 = Release|Any CPU
		{11BA958E-838F-4155-A206-1D59D48416A3}.Release|ARM.ActiveCfg = Release|Any CPU
		{11BA958E-838F-4155-A206-1D59D48416A3}.Release|ARM.Build.0 = Release|Any CPU
		{11BA958E-838F-4155-A206-1D59D48416A3}.Release|ARM.Deploy.0 = Release|Any CPU
		{11BA958E-838F-4155-A206-1D59D48416A3}.Release|iPhone.ActiveCfg = Release|Any CPU
		{11BA958E-838F-4155-A206-1D59D48416A3}.Release|iPhone.Build.0 = Release|Any CPU
		{11BA958E-838F-4155-A206-1D59D48416A3}.Release|iPhone.Deploy.0 = Release|Any CPU
		{11BA958E-838F-4155-A206-1D59D48416A3}.Release|iPhoneSimulator.ActiveCfg = Release|Any CPU
		{11BA958E-838F-4155-A206-1D59D48416A3}.Release|iPhoneSimulator.Build.0 = Release|Any CPU
		{11BA958E-838F-4155-A206-1D59D48416A3}.Release|iPhoneSimulator.Deploy.0 = Release|Any CPU
		{11BA958E-838F-4155-A206-1D59D48416A3}.Release|x64.ActiveCfg = Release|Any CPU
		{11BA958E-838F-4155-A206-1D59D48416A3}.Release|x64.Build.0 = Release|Any CPU
		{11BA958E-838F-4155-A206-1D59D48416A3}.Release|x64.Deploy.0 = Release|Any CPU
		{11BA958E-838F-4155-A206-1D59D48416A3}.Release|x86.ActiveCfg = Release|Any CPU
		{11BA958E-838F-4155-A206-1D59D48416A3}.Release|x86.Build.0 = Release|Any CPU
		{11BA958E-838F-4155-A206-1D59D48416A3}.Release|x86.Deploy.0 = Release|Any CPU
	EndGlobalSection
	GlobalSection(SolutionProperties) = preSolution
		HideSolutionNode = FALSE
	EndGlobalSection
	GlobalSection(ExtensibilityGlobals) = postSolution
		SolutionGuid = {70743A16-8E43-49E7-BA1A-D0D1E71A9971}
	EndGlobalSection
EndGlobal
